
Microsoft Visual Studio Solution File, Format Version 12.00
# Visual Studio Version 17
VisualStudioVersion = 17.6.33815.320
MinimumVisualStudioVersion = 10.0.40219.1
Project("{FAE04EC0-301F-11D3-BF4B-00C04F79EFBC}") = "tourism-management-system", "tourism-management-system.csproj", "{FA0BC2ED-FBA8-448B-8785-0A20222F3358}"
EndProject
Global
	GlobalSection(SolutionConfigurationPlatforms) = preSolution
		Debug|Any CPU = Debug|Any CPU
		Release|Any CPU = Release|Any CPU
	EndGlobalSection
	GlobalSection(ProjectConfigurationPlatforms) = postSolution
		{FA0BC2ED-FBA8-448B-8785-0A20222F3358}.Debug|Any CPU.ActiveCfg = Debug|Any CPU
		{FA0BC2ED-FBA8-448B-8785-0A20222F3358}.Debug|Any CPU.Build.0 = Debug|Any CPU
		{FA0BC2ED-FBA8-448B-8785-0A20222F3358}.Release|Any CPU.ActiveCfg = Release|Any CPU
		{FA0BC2ED-FBA8-448B-8785-0A20222F3358}.Release|Any CPU.Build.0 = Release|Any CPU
	EndGlobalSection
	GlobalSection(SolutionProperties) = preSolution
		HideSolutionNode = FALSE
	EndGlobalSection
	GlobalSection(ExtensibilityGlobals) = postSolution
		SolutionGuid = {8E6C5DCC-AD52-40C8-B3D4-9BD5E878E9D6}
	EndGlobalSection
EndGlobal
